
Microsoft Visual Studio Solution File, Format Version 12.00
# Visual Studio Version 17
VisualStudioVersion = 17.0.32014.148
MinimumVisualStudioVersion = 10.0.40219.1
Project("{FAE04EC0-301F-11D3-BF4B-00C04F79EFBC}") = "WebApplication2", "WebApplication2.csproj", "{42B38B73-D3B5-4968-8B01-9D99579432EE}"
EndProject
Global
	GlobalSection(SolutionConfigurationPlatforms) = preSolution
		Debug|Any CPU = Debug|Any CPU
		Release|Any CPU = Release|Any CPU
	EndGlobalSection
	GlobalSection(ProjectConfigurationPlatforms) = postSolution
		{42B38B73-D3B5-4968-8B01-9D99579432EE}.Debug|Any CPU.ActiveCfg = Debug|Any CPU
		{42B38B73-D3B5-4968-8B01-9D99579432EE}.Debug|Any CPU.Build.0 = Debug|Any CPU
		{42B38B73-D3B5-4968-8B01-9D99579432EE}.Release|Any CPU.ActiveCfg = Release|Any CPU
		{42B38B73-D3B5-4968-8B01-9D99579432EE}.Release|Any CPU.Build.0 = Release|Any CPU
	EndGlobalSection
	GlobalSection(SolutionProperties) = preSolution
		HideSolutionNode = FALSE
	EndGlobalSection
	GlobalSection(ExtensibilityGlobals) = postSolution
		SolutionGuid = {5CDDE700-FF41-44F9-9A49-75CCE1799E0C}
	EndGlobalSection
EndGlobal
